// !$*UTF8*$!
{
	archiveVersion = 1;
	classes = {
	};
	objectVersion = 46;
	objects = {

/* Begin PBXBuildFile section */
		626228F01F88A58B007409EB /* Button 3.png in Resources */ = {isa = PBXBuildFile; fileRef = 626228EF1F88A58B007409EB /* Button 3.png */; };
		626228F21F88A887007409EB /* Logo.png in Resources */ = {isa = PBXBuildFile; fileRef = 626228F11F88A887007409EB /* Logo.png */; };
		626228F81F88AC13007409EB /* HomeVC.m in Sources */ = {isa = PBXBuildFile; fileRef = 626228F71F88AC13007409EB /* HomeVC.m */; };
		626228FA1F88DF16007409EB /* line_button.png in Resources */ = {isa = PBXBuildFile; fileRef = 626228F91F88DF16007409EB /* line_button.png */; };
		626228FD1F88E572007409EB /* MerchantLinkingID.m in Sources */ = {isa = PBXBuildFile; fileRef = 626228FC1F88E572007409EB /* MerchantLinkingID.m */; };
		6273922B1F879D1B00569BEB /* main.m in Sources */ = {isa = PBXBuildFile; fileRef = 6273922A1F879D1B00569BEB /* main.m */; };
		6273922E1F879D1B00569BEB /* AppDelegate.m in Sources */ = {isa = PBXBuildFile; fileRef = 6273922D1F879D1B00569BEB /* AppDelegate.m */; };
		627392341F879D1B00569BEB /* Main.storyboard in Resources */ = {isa = PBXBuildFile; fileRef = 627392321F879D1B00569BEB /* Main.storyboard */; };
		627392361F879D1B00569BEB /* Assets.xcassets in Resources */ = {isa = PBXBuildFile; fileRef = 627392351F879D1B00569BEB /* Assets.xcassets */; };
		627392391F879D1B00569BEB /* LaunchScreen.storyboard in Resources */ = {isa = PBXBuildFile; fileRef = 627392371F879D1B00569BEB /* LaunchScreen.storyboard */; };
		62DB56BA1F8B5673006C9A10 /* PurchaseDealVC.m in Sources */ = {isa = PBXBuildFile; fileRef = 62DB56B91F8B5673006C9A10 /* PurchaseDealVC.m */; };
/* End PBXBuildFile section */

/* Begin PBXFileReference section */
		626228EF1F88A58B007409EB /* Button 3.png */ = {isa = PBXFileReference; lastKnownFileType = image.png; path = "Button 3.png"; sourceTree = "<group>"; };
		626228F11F88A887007409EB /* Logo.png */ = {isa = PBXFileReference; lastKnownFileType = image.png; path = Logo.png; sourceTree = "<group>"; };
		626228F61F88AC13007409EB /* HomeVC.h */ = {isa = PBXFileReference; fileEncoding = 4; lastKnownFileType = sourcecode.c.h; path = HomeVC.h; sourceTree = "<group>"; };
		626228F71F88AC13007409EB /* HomeVC.m */ = {isa = PBXFileReference; fileEncoding = 4; lastKnownFileType = sourcecode.c.objc; path = HomeVC.m; sourceTree = "<group>"; };
		626228F91F88DF16007409EB /* line_button.png */ = {isa = PBXFileReference; lastKnownFileType = image.png; path = line_button.png; sourceTree = "<group>"; };
		626228FB1F88E572007409EB /* MerchantLinkingID.h */ = {isa = PBXFileReference; fileEncoding = 4; lastKnownFileType = sourcecode.c.h; path = MerchantLinkingID.h; sourceTree = "<group>"; };
		626228FC1F88E572007409EB /* MerchantLinkingID.m */ = {isa = PBXFileReference; fileEncoding = 4; lastKnownFileType = sourcecode.c.objc; path = MerchantLinkingID.m; sourceTree = "<group>"; };
		627392261F879D1B00569BEB /* Daily Deals.app */ = {isa = PBXFileReference; explicitFileType = wrapper.application; includeInIndex = 0; path = "Daily Deals.app"; sourceTree = BUILT_PRODUCTS_DIR; };
		6273922A1F879D1B00569BEB /* main.m */ = {isa = PBXFileReference; lastKnownFileType = sourcecode.c.objc; path = main.m; sourceTree = "<group>"; };
		6273922C1F879D1B00569BEB /* AppDelegate.h */ = {isa = PBXFileReference; lastKnownFileType = sourcecode.c.h; path = AppDelegate.h; sourceTree = "<group>"; };
		6273922D1F879D1B00569BEB /* AppDelegate.m */ = {isa = PBXFileReference; lastKnownFileType = sourcecode.c.objc; path = AppDelegate.m; sourceTree = "<group>"; };
		627392331F879D1B00569BEB /* Base */ = {isa = PBXFileReference; lastKnownFileType = file.storyboard; name = Base; path = Base.lproj/Main.storyboard; sourceTree = "<group>"; };
		627392351F879D1B00569BEB /* Assets.xcassets */ = {isa = PBXFileReference; lastKnownFileType = folder.assetcatalog; path = Assets.xcassets; sourceTree = "<group>"; };
		627392381F879D1B00569BEB /* Base */ = {isa = PBXFileReference; lastKnownFileType = file.storyboard; name = Base; path = Base.lproj/LaunchScreen.storyboard; sourceTree = "<group>"; };
		6273923A1F879D1B00569BEB /* Info.plist */ = {isa = PBXFileReference; lastKnownFileType = text.plist.xml; path = Info.plist; sourceTree = "<group>"; };
		62DB56B81F8B5673006C9A10 /* PurchaseDealVC.h */ = {isa = PBXFileReference; fileEncoding = 4; lastKnownFileType = sourcecode.c.h; path = PurchaseDealVC.h; sourceTree = "<group>"; };
		62DB56B91F8B5673006C9A10 /* PurchaseDealVC.m */ = {isa = PBXFileReference; fileEncoding = 4; lastKnownFileType = sourcecode.c.objc; path = PurchaseDealVC.m; sourceTree = "<group>"; };
/* End PBXFileReference section */

/* Begin PBXFrameworksBuildPhase section */
		627392231F879D1B00569BEB /* Frameworks */ = {
			isa = PBXFrameworksBuildPhase;
			buildActionMask = 2147483647;
			files = (
			);
			runOnlyForDeploymentPostprocessing = 0;
		};
/* End PBXFrameworksBuildPhase section */

/* Begin PBXGroup section */
		626228F31F88A88C007409EB /* Resources */ = {
			isa = PBXGroup;
			children = (
				626228F91F88DF16007409EB /* line_button.png */,
				627392351F879D1B00569BEB /* Assets.xcassets */,
				626228EF1F88A58B007409EB /* Button 3.png */,
				626228F11F88A887007409EB /* Logo.png */,
			);
			name = Resources;
			sourceTree = "<group>";
		};
		626228F41F88A8A3007409EB /* View Controller */ = {
			isa = PBXGroup;
			children = (
				62DB56B81F8B5673006C9A10 /* PurchaseDealVC.h */,
				62DB56B91F8B5673006C9A10 /* PurchaseDealVC.m */,
				626228F61F88AC13007409EB /* HomeVC.h */,
				626228F71F88AC13007409EB /* HomeVC.m */,
				626228FB1F88E572007409EB /* MerchantLinkingID.h */,
				626228FC1F88E572007409EB /* MerchantLinkingID.m */,
			);
			name = "View Controller";
			sourceTree = "<group>";
		};
		626228F51F88A8B1007409EB /* View */ = {
			isa = PBXGroup;
			children = (
				627392371F879D1B00569BEB /* LaunchScreen.storyboard */,
				627392321F879D1B00569BEB /* Main.storyboard */,
			);
			name = View;
			sourceTree = "<group>";
		};
		6273921D1F879D1B00569BEB = {
			isa = PBXGroup;
			children = (
				627392281F879D1B00569BEB /* Daily Deals */,
				627392271F879D1B00569BEB /* Products */,
			);
			sourceTree = "<group>";
		};
		627392271F879D1B00569BEB /* Products */ = {
			isa = PBXGroup;
			children = (
				627392261F879D1B00569BEB /* Daily Deals.app */,
			);
			name = Products;
			sourceTree = "<group>";
		};
		627392281F879D1B00569BEB /* Daily Deals */ = {
			isa = PBXGroup;
			children = (
				626228F41F88A8A3007409EB /* View Controller */,
				626228F51F88A8B1007409EB /* View */,
				626228F31F88A88C007409EB /* Resources */,
				627392291F879D1B00569BEB /* Supporting Files */,
			);
			path = "Daily Deals";
			sourceTree = "<group>";
		};
		627392291F879D1B00569BEB /* Supporting Files */ = {
			isa = PBXGroup;
			children = (
				6273922C1F879D1B00569BEB /* AppDelegate.h */,
				6273922D1F879D1B00569BEB /* AppDelegate.m */,
				6273923A1F879D1B00569BEB /* Info.plist */,
				6273922A1F879D1B00569BEB /* main.m */,
			);
			name = "Supporting Files";
			sourceTree = "<group>";
		};
/* End PBXGroup section */

/* Begin PBXNativeTarget section */
		627392251F879D1B00569BEB /* Daily Deals */ = {
			isa = PBXNativeTarget;
			buildConfigurationList = 6273923D1F879D1B00569BEB /* Build configuration list for PBXNativeTarget "Daily Deals" */;
			buildPhases = (
				627392221F879D1B00569BEB /* Sources */,
				627392231F879D1B00569BEB /* Frameworks */,
				627392241F879D1B00569BEB /* Resources */,
			);
			buildRules = (
			);
			dependencies = (
			);
			name = "Daily Deals";
			productName = "Daily Deals";
			productReference = 627392261F879D1B00569BEB /* Daily Deals.app */;
			productType = "com.apple.product-type.application";
		};
/* End PBXNativeTarget section */

/* Begin PBXProject section */
		6273921E1F879D1B00569BEB /* Project object */ = {
			isa = PBXProject;
			attributes = {
				LastUpgradeCheck = 0830;
				ORGANIZATIONNAME = Mac5;
				TargetAttributes = {
					627392251F879D1B00569BEB = {
						CreatedOnToolsVersion = 8.3.3;
						DevelopmentTeam = 79G7F2QQ57;
						ProvisioningStyle = Automatic;
					};
				};
			};
			buildConfigurationList = 627392211F879D1B00569BEB /* Build configuration list for PBXProject "Daily Deals" */;
			compatibilityVersion = "Xcode 3.2";
			developmentRegion = English;
			hasScannedForEncodings = 0;
			knownRegions = (
				en,
				Base,
			);
			mainGroup = 6273921D1F879D1B00569BEB;
			productRefGroup = 627392271F879D1B00569BEB /* Products */;
			projectDirPath = "";
			projectRoot = "";
			targets = (
				627392251F879D1B00569BEB /* Daily Deals */,
			);
		};
/* End PBXProject section */

/* Begin PBXResourcesBuildPhase section */
		627392241F879D1B00569BEB /* Resources */ = {
			isa = PBXResourcesBuildPhase;
			buildActionMask = 2147483647;
			files = (
				627392391F879D1B00569BEB /* LaunchScreen.storyboard in Resources */,
				627392361F879D1B00569BEB /* Assets.xcassets in Resources */,
				626228F21F88A887007409EB /* Logo.png in Resources */,
				626228F01F88A58B007409EB /* Button 3.png in Resources */,
				627392341F879D1B00569BEB /* Main.storyboard in Resources */,
				626228FA1F88DF16007409EB /* line_button.png in Resources */,
			);
			runOnlyForDeploymentPostprocessing = 0;
		};
/* End PBXResourcesBuildPhase section */

/* Begin PBXSourcesBuildPhase section */
		627392221F879D1B00569BEB /* Sources */ = {
			isa = PBXSourcesBuildPhase;
			buildActionMask = 2147483647;
			files = (
				626228F81F88AC13007409EB /* HomeVC.m in Sources */,
				626228FD1F88E572007409EB /* MerchantLinkingID.m in Sources */,
				6273922E1F879D1B00569BEB /* AppDelegate.m in Sources */,
				62DB56BA1F8B5673006C9A10 /* PurchaseDealVC.m in Sources */,
				6273922B1F879D1B00569BEB /* main.m in Sources */,
			);
			runOnlyForDeploymentPostprocessing = 0;
		};
/* End PBXSourcesBuildPhase section */

/* Begin PBXVariantGroup section */
		627392321F879D1B00569BEB /* Main.storyboard */ = {
			isa = PBXVariantGroup;
			children = (
				627392331F879D1B00569BEB /* Base */,
			);
			name = Main.storyboard;
			sourceTree = "<group>";
		};
		627392371F879D1B00569BEB /* LaunchScreen.storyboard */ = {
			isa = PBXVariantGroup;
			children = (
				627392381F879D1B00569BEB /* Base */,
			);
			name = LaunchScreen.storyboard;
			sourceTree = "<group>";
		};
/* End PBXVariantGroup section */

/* Begin XCBuildConfiguration section */
		6273923B1F879D1B00569BEB /* Debug */ = {
			isa = XCBuildConfiguration;
			buildSettings = {
				ALWAYS_SEARCH_USER_PATHS = NO;
				CLANG_ANALYZER_NONNULL = YES;
				CLANG_ANALYZER_NUMBER_OBJECT_CONVERSION = YES_AGGRESSIVE;
				CLANG_CXX_LANGUAGE_STANDARD = "gnu++0x";
				CLANG_CXX_LIBRARY = "libc++";
				CLANG_ENABLE_MODULES = YES;
				CLANG_ENABLE_OBJC_ARC = YES;
				CLANG_WARN_BOOL_CONVERSION = YES;
				CLANG_WARN_CONSTANT_CONVERSION = YES;
				CLANG_WARN_DIRECT_OBJC_ISA_USAGE = YES_ERROR;
				CLANG_WARN_DOCUMENTATION_COMMENTS = YES;
				CLANG_WARN_EMPTY_BODY = YES;
				CLANG_WARN_ENUM_CONVERSION = YES;
				CLANG_WARN_INFINITE_RECURSION = YES;
				CLANG_WARN_INT_CONVERSION = YES;
				CLANG_WARN_OBJC_ROOT_CLASS = YES_ERROR;
				CLANG_WARN_SUSPICIOUS_MOVE = YES;
				CLANG_WARN_UNREACHABLE_CODE = YES;
				CLANG_WARN__DUPLICATE_METHOD_MATCH = YES;
				"CODE_SIGN_IDENTITY[sdk=iphoneos*]" = "iPhone Developer";
				COPY_PHASE_STRIP = NO;
				DEBUG_INFORMATION_FORMAT = dwarf;
				ENABLE_STRICT_OBJC_MSGSEND = YES;
				ENABLE_TESTABILITY = YES;
				GCC_C_LANGUAGE_STANDARD = gnu99;
				GCC_DYNAMIC_NO_PIC = NO;
				GCC_NO_COMMON_BLOCKS = YES;
				GCC_OPTIMIZATION_LEVEL = 0;
				GCC_PREPROCESSOR_DEFINITIONS = (
					"DEBUG=1",
					"$(inherited)",
				);
				GCC_WARN_64_TO_32_BIT_CONVERSION = YES;
				GCC_WARN_ABOUT_RETURN_TYPE = YES_ERROR;
				GCC_WARN_UNDECLARED_SELECTOR = YES;
				GCC_WARN_UNINITIALIZED_AUTOS = YES_AGGRESSIVE;
				GCC_WARN_UNUSED_FUNCTION = YES;
				GCC_WARN_UNUSED_VARIABLE = YES;
				IPHONEOS_DEPLOYMENT_TARGET = 10.3;
				MTL_ENABLE_DEBUG_INFO = YES;
				ONLY_ACTIVE_ARCH = YES;
				SDKROOT = iphoneos;
			};
			name = Debug;
		};
		6273923C1F879D1B00569BEB /* Release */ = {
			isa = XCBuildConfiguration;
			buildSettings = {
				ALWAYS_SEARCH_USER_PATHS = NO;
				CLANG_ANALYZER_NONNULL = YES;
				CLANG_ANALYZER_NUMBER_OBJECT_CONVERSION = YES_AGGRESSIVE;
				CLANG_CXX_LANGUAGE_STANDARD = "gnu++0x";
				CLANG_CXX_LIBRARY = "libc++";
				CLANG_ENABLE_MODULES = YES;
				CLANG_ENABLE_OBJC_ARC = YES;
				CLANG_WARN_BOOL_CONVERSION = YES;
				CLANG_WARN_CONSTANT_CONVERSION = YES;
				CLANG_WARN_DIRECT_OBJC_ISA_USAGE = YES_ERROR;
				CLANG_WARN_DOCUMENTATION_COMMENTS = YES;
				CLANG_WARN_EMPTY_BODY = YES;
				CLANG_WARN_ENUM_CONVERSION = YES;
				CLANG_WARN_INFINITE_RECURSION = YES;
				CLANG_WARN_INT_CONVERSION = YES;
				CLANG_WARN_OBJC_ROOT_CLASS = YES_ERROR;
				CLANG_WARN_SUSPICIOUS_MOVE = YES;
				CLANG_WARN_UNREACHABLE_CODE = YES;
				CLANG_WARN__DUPLICATE_METHOD_MATCH = YES;
				"CODE_SIGN_IDENTITY[sdk=iphoneos*]" = "iPhone Developer";
				COPY_PHASE_STRIP = NO;
				DEBUG_INFORMATION_FORMAT = "dwarf-with-dsym";
				ENABLE_NS_ASSERTIONS = NO;
				ENABLE_STRICT_OBJC_MSGSEND = YES;
				GCC_C_LANGUAGE_STANDARD = gnu99;
				GCC_NO_COMMON_BLOCKS = YES;
				GCC_WARN_64_TO_32_BIT_CONVERSION = YES;
				GCC_WARN_ABOUT_RETURN_TYPE = YES_ERROR;
				GCC_WARN_UNDECLARED_SELECTOR = YES;
				GCC_WARN_UNINITIALIZED_AUTOS = YES_AGGRESSIVE;
				GCC_WARN_UNUSED_FUNCTION = YES;
				GCC_WARN_UNUSED_VARIABLE = YES;
				IPHONEOS_DEPLOYMENT_TARGET = 10.3;
				MTL_ENABLE_DEBUG_INFO = NO;
				SDKROOT = iphoneos;
				VALIDATE_PRODUCT = YES;
			};
			name = Release;
		};
		6273923E1F879D1B00569BEB /* Debug */ = {
			isa = XCBuildConfiguration;
			buildSettings = {
				ASSETCATALOG_COMPILER_APPICON_NAME = AppIcon;
				DEVELOPMENT_TEAM = 79G7F2QQ57;
				INFOPLIST_FILE = "Daily Deals/Info.plist";
				LD_RUNPATH_SEARCH_PATHS = "$(inherited) @executable_path/Frameworks";
				PRODUCT_BUNDLE_IDENTIFIER = "com.india.webguru.Daily-Deals";
				PRODUCT_NAME = "$(TARGET_NAME)";
			};
			name = Debug;
		};
		6273923F1F879D1B00569BEB /* Release */ = {
			isa = XCBuildConfiguration;
			buildSettings = {
				ASSETCATALOG_COMPILER_APPICON_NAME = AppIcon;
				DEVELOPMENT_TEAM = 79G7F2QQ57;
				INFOPLIST_FILE = "Daily Deals/Info.plist";
				LD_RUNPATH_SEARCH_PATHS = "$(inherited) @executable_path/Frameworks";
				PRODUCT_BUNDLE_IDENTIFIER = "com.india.webguru.Daily-Deals";
				PRODUCT_NAME = "$(TARGET_NAME)";
			};
			name = Release;
		};
/* End XCBuildConfiguration section */

/* Begin XCConfigurationList section */
		627392211F879D1B00569BEB /* Build configuration list for PBXProject "Daily Deals" */ = {
			isa = XCConfigurationList;
			buildConfigurations = (
				6273923B1F879D1B00569BEB /* Debug */,
				6273923C1F879D1B00569BEB /* Release */,
			);
			defaultConfigurationIsVisible = 0;
			defaultConfigurationName = Release;
		};
		6273923D1F879D1B00569BEB /* Build configuration list for PBXNativeTarget "Daily Deals" */ = {
			isa = XCConfigurationList;
			buildConfigurations = (
				6273923E1F879D1B00569BEB /* Debug */,
				6273923F1F879D1B00569BEB /* Release */,
			);
			defaultConfigurationIsVisible = 0;
			defaultConfigurationName = Release;
		};
/* End XCConfigurationList section */
	};
	rootObject = 6273921E1F879D1B00569BEB /* Project object */;
}
